
Microsoft Visual Studio Solution File, Format Version 12.00
# Visual Studio Version 16
VisualStudioVersion = 25.0.1704.1
MinimumVisualStudioVersion = 10.0.40219.1
Project("{FAE04EC0-301F-11D3-BF4B-00C04F79EFBC}") = "snail", "snail\snail.csproj", "{B845BAAF-56CD-4638-8F84-08B0E38DCEC8}"
EndProject
Project("{FAE04EC0-301F-11D3-BF4B-00C04F79EFBC}") = "thread", "thread\thread.csproj", "{CCE74D03-5C0D-4C4B-9C54-3480E2C9112B}"
EndProject
Global
	GlobalSection(SolutionConfigurationPlatforms) = preSolution
		Debug|Any CPU = Debug|Any CPU
		Release|Any CPU = Release|Any CPU
	EndGlobalSection
	GlobalSection(ProjectConfigurationPlatforms) = postSolution
		{B845BAAF-56CD-4638-8F84-08B0E38DCEC8}.Debug|Any CPU.ActiveCfg = Debug|Any CPU
		{B845BAAF-56CD-4638-8F84-08B0E38DCEC8}.Debug|Any CPU.Build.0 = Debug|Any CPU
		{B845BAAF-56CD-4638-8F84-08B0E38DCEC8}.Release|Any CPU.ActiveCfg = Release|Any CPU
		{B845BAAF-56CD-4638-8F84-08B0E38DCEC8}.Release|Any CPU.Build.0 = Release|Any CPU
		{CCE74D03-5C0D-4C4B-9C54-3480E2C9112B}.Debug|Any CPU.ActiveCfg = Debug|Any CPU
		{CCE74D03-5C0D-4C4B-9C54-3480E2C9112B}.Debug|Any CPU.Build.0 = Debug|Any CPU
		{CCE74D03-5C0D-4C4B-9C54-3480E2C9112B}.Release|Any CPU.ActiveCfg = Release|Any CPU
		{CCE74D03-5C0D-4C4B-9C54-3480E2C9112B}.Release|Any CPU.Build.0 = Release|Any CPU
	EndGlobalSection
	GlobalSection(SolutionProperties) = preSolution
		HideSolutionNode = FALSE
	EndGlobalSection
	GlobalSection(ExtensibilityGlobals) = postSolution
		SolutionGuid = {DCAE08D2-1D56-4E57-92E4-DFD4EE37AA20}
	EndGlobalSection
EndGlobal
