
Microsoft Visual Studio Solution File, Format Version 12.00
# Visual Studio Version 17
VisualStudioVersion = 17.3.32901.215
MinimumVisualStudioVersion = 10.0.40219.1
Project("{FAE04EC0-301F-11D3-BF4B-00C04F79EFBC}") = "Moon-Taker", "Moon-Taker.csproj", "{9E690947-1C40-4359-BDA6-EDC7D66A00EC}"
EndProject
Global
	GlobalSection(SolutionConfigurationPlatforms) = preSolution
		Debug|Any CPU = Debug|Any CPU
		Release|Any CPU = Release|Any CPU
	EndGlobalSection
	GlobalSection(ProjectConfigurationPlatforms) = postSolution
		{9E690947-1C40-4359-BDA6-EDC7D66A00EC}.Debug|Any CPU.ActiveCfg = Debug|Any CPU
		{9E690947-1C40-4359-BDA6-EDC7D66A00EC}.Debug|Any CPU.Build.0 = Debug|Any CPU
		{9E690947-1C40-4359-BDA6-EDC7D66A00EC}.Release|Any CPU.ActiveCfg = Release|Any CPU
		{9E690947-1C40-4359-BDA6-EDC7D66A00EC}.Release|Any CPU.Build.0 = Release|Any CPU
	EndGlobalSection
	GlobalSection(SolutionProperties) = preSolution
		HideSolutionNode = FALSE
	EndGlobalSection
	GlobalSection(ExtensibilityGlobals) = postSolution
		SolutionGuid = {36604037-EAA7-4CD3-9859-109BA3E92195}
	EndGlobalSection
EndGlobal
