
Microsoft Visual Studio Solution File, Format Version 12.00
# Visual Studio Version 17
VisualStudioVersion = 17.4.33205.214
MinimumVisualStudioVersion = 10.0.40219.1
Project("{FAE04EC0-301F-11D3-BF4B-00C04F79EFBC}") = "Sokoban", "Sokoban\Sokoban.csproj", "{53D3FFD6-7C1B-44D1-B731-C07C6EE9089E}"
EndProject
Global
	GlobalSection(SolutionConfigurationPlatforms) = preSolution
		Debug|Any CPU = Debug|Any CPU
		Release|Any CPU = Release|Any CPU
	EndGlobalSection
	GlobalSection(ProjectConfigurationPlatforms) = postSolution
		{53D3FFD6-7C1B-44D1-B731-C07C6EE9089E}.Debug|Any CPU.ActiveCfg = Debug|Any CPU
		{53D3FFD6-7C1B-44D1-B731-C07C6EE9089E}.Debug|Any CPU.Build.0 = Debug|Any CPU
		{53D3FFD6-7C1B-44D1-B731-C07C6EE9089E}.Release|Any CPU.ActiveCfg = Release|Any CPU
		{53D3FFD6-7C1B-44D1-B731-C07C6EE9089E}.Release|Any CPU.Build.0 = Release|Any CPU
	EndGlobalSection
	GlobalSection(SolutionProperties) = preSolution
		HideSolutionNode = FALSE
	EndGlobalSection
	GlobalSection(ExtensibilityGlobals) = postSolution
		SolutionGuid = {96EECD1F-E84B-4FD9-8567-FFE028695257}
	EndGlobalSection
EndGlobal
